// !$*UTF8*$!
{
	archiveVersion = 1;
	classes = {
	};
	objectVersion = 46;
	objects = {

/* Begin PBXBuildFile section */
		73178D9819C5277500D7E61E /* Range+ThrustExtensions.swift in Sources */ = {isa = PBXBuildFile; fileRef = 73178D9719C5277500D7E61E /* Range+ThrustExtensions.swift */; };
		73178D9C19C52B1500D7E61E /* Range+ThrustExtensions.swift in Sources */ = {isa = PBXBuildFile; fileRef = 73178D9719C5277500D7E61E /* Range+ThrustExtensions.swift */; };
		73178D9E19C52F7300D7E61E /* Version.swift in Sources */ = {isa = PBXBuildFile; fileRef = 73178D9D19C52F7300D7E61E /* Version.swift */; };
		73178D9F19C52F7300D7E61E /* Version.swift in Sources */ = {isa = PBXBuildFile; fileRef = 73178D9D19C52F7300D7E61E /* Version.swift */; };
		734DE25119B7D3BC00080597 /* FlowControl.swift in Sources */ = {isa = PBXBuildFile; fileRef = 734DE24E19B7D3BC00080597 /* FlowControl.swift */; };
		734DE25219B7D3BC00080597 /* Clamping.swift in Sources */ = {isa = PBXBuildFile; fileRef = 734DE24F19B7D3BC00080597 /* Clamping.swift */; };
		734DE25319B7D3BC00080597 /* Random.swift in Sources */ = {isa = PBXBuildFile; fileRef = 734DE25019B7D3BC00080597 /* Random.swift */; };
		734DE25619B7D3C500080597 /* Array+ThrustExtensions.swift in Sources */ = {isa = PBXBuildFile; fileRef = 734DE25419B7D3C500080597 /* Array+ThrustExtensions.swift */; };
		734DE25719B7D3C500080597 /* Dictionary+ThrustExtensions.swift in Sources */ = {isa = PBXBuildFile; fileRef = 734DE25519B7D3C500080597 /* Dictionary+ThrustExtensions.swift */; };
		734DE25A19B7D3CE00080597 /* Double+ThrustExtensions.swift in Sources */ = {isa = PBXBuildFile; fileRef = 734DE25819B7D3CE00080597 /* Double+ThrustExtensions.swift */; };
		734DE25B19B7D3CE00080597 /* Int+ThrustExtensions.swift in Sources */ = {isa = PBXBuildFile; fileRef = 734DE25919B7D3CE00080597 /* Int+ThrustExtensions.swift */; };
		734DE26019B7D3DC00080597 /* NSData+ThrustExtensions.swift in Sources */ = {isa = PBXBuildFile; fileRef = 734DE25C19B7D3DC00080597 /* NSData+ThrustExtensions.swift */; };
		734DE26119B7D3DC00080597 /* NSDate+ThrustExtensions.swift in Sources */ = {isa = PBXBuildFile; fileRef = 734DE25D19B7D3DC00080597 /* NSDate+ThrustExtensions.swift */; };
		734DE26219B7D3DC00080597 /* NSURL+ThrustExtensions.swift in Sources */ = {isa = PBXBuildFile; fileRef = 734DE25E19B7D3DC00080597 /* NSURL+ThrustExtensions.swift */; };
		734DE26319B7D3DC00080597 /* String+ThrustExtensions.swift in Sources */ = {isa = PBXBuildFile; fileRef = 734DE25F19B7D3DC00080597 /* String+ThrustExtensions.swift */; };
		734DE26719B7D3E400080597 /* CGPoint+AxisExtensions.swift in Sources */ = {isa = PBXBuildFile; fileRef = 734DE26419B7D3E400080597 /* CGPoint+AxisExtensions.swift */; };
		734DE26819B7D3E400080597 /* CGRect+AxisExtensions.swift in Sources */ = {isa = PBXBuildFile; fileRef = 734DE26519B7D3E400080597 /* CGRect+AxisExtensions.swift */; };
		734DE26919B7D3E400080597 /* CGRect+ThrustExtensions.swift in Sources */ = {isa = PBXBuildFile; fileRef = 734DE26619B7D3E400080597 /* CGRect+ThrustExtensions.swift */; };
		734DE26B19B7D3EA00080597 /* IdentifiableObject.swift in Sources */ = {isa = PBXBuildFile; fileRef = 734DE26A19B7D3EA00080597 /* IdentifiableObject.swift */; };
		734DE27019B7D3F500080597 /* HTTP.swift in Sources */ = {isa = PBXBuildFile; fileRef = 734DE26C19B7D3F500080597 /* HTTP.swift */; };
		734DE27119B7D3F500080597 /* JSON.swift in Sources */ = {isa = PBXBuildFile; fileRef = 734DE26D19B7D3F500080597 /* JSON.swift */; };
		734DE27219B7D3F500080597 /* Queue.swift in Sources */ = {isa = PBXBuildFile; fileRef = 734DE26E19B7D3F500080597 /* Queue.swift */; };
		734DE27319B7D3F500080597 /* Regex.swift in Sources */ = {isa = PBXBuildFile; fileRef = 734DE26F19B7D3F500080597 /* Regex.swift */; };
		73817C7D19BE014900EF3CD5 /* JSONArray.swift in Sources */ = {isa = PBXBuildFile; fileRef = 73817C7C19BE014900EF3CD5 /* JSONArray.swift */; };
		73817C7E19BE014900EF3CD5 /* JSONArray.swift in Sources */ = {isa = PBXBuildFile; fileRef = 73817C7C19BE014900EF3CD5 /* JSONArray.swift */; };
		73856B6919BE35B50059E8A9 /* JSONDictionary.swift in Sources */ = {isa = PBXBuildFile; fileRef = 73856B6819BE35B50059E8A9 /* JSONDictionary.swift */; };
		73856B6A19BE3A9A0059E8A9 /* JSONDictionary.swift in Sources */ = {isa = PBXBuildFile; fileRef = 73856B6819BE35B50059E8A9 /* JSONDictionary.swift */; };
		739852D419C878B9004DF46B /* UIBezierPath+ThrustExtensions.swift in Sources */ = {isa = PBXBuildFile; fileRef = 739852D319C878B9004DF46B /* UIBezierPath+ThrustExtensions.swift */; };
		739852D519C878B9004DF46B /* UIBezierPath+ThrustExtensions.swift in Sources */ = {isa = PBXBuildFile; fileRef = 739852D319C878B9004DF46B /* UIBezierPath+ThrustExtensions.swift */; };
		73C417ED19CF345900DB542A /* ViewController.swift in Sources */ = {isa = PBXBuildFile; fileRef = 73C417EC19CF345900DB542A /* ViewController.swift */; };
		73C6A3EF197EA608005318D9 /* AppDelegate.swift in Sources */ = {isa = PBXBuildFile; fileRef = 73C6A3EE197EA608005318D9 /* AppDelegate.swift */; };
		73C6A3F1197EA608005318D9 /* Images.xcassets in Resources */ = {isa = PBXBuildFile; fileRef = 73C6A3F0197EA608005318D9 /* Images.xcassets */; };
		73C6A3FD197EA608005318D9 /* ThrustTests.swift in Sources */ = {isa = PBXBuildFile; fileRef = 73C6A3FC197EA608005318D9 /* ThrustTests.swift */; };
		73D08AEF19CD284200B7614A /* UIView+InterfaceBuilderExtensions.swift in Sources */ = {isa = PBXBuildFile; fileRef = 73D08AEE19CD284200B7614A /* UIView+InterfaceBuilderExtensions.swift */; };
		73D08AF019CD284200B7614A /* UIView+InterfaceBuilderExtensions.swift in Sources */ = {isa = PBXBuildFile; fileRef = 73D08AEE19CD284200B7614A /* UIView+InterfaceBuilderExtensions.swift */; };
		73D08AF519CD28E000B7614A /* Storyboard.storyboard in Resources */ = {isa = PBXBuildFile; fileRef = 73D08AF419CD28E000B7614A /* Storyboard.storyboard */; };
		73D08AF619CD28E000B7614A /* Storyboard.storyboard in Resources */ = {isa = PBXBuildFile; fileRef = 73D08AF419CD28E000B7614A /* Storyboard.storyboard */; };
		73E10D4019D1B6960092F1AB /* Distribution.swift in Sources */ = {isa = PBXBuildFile; fileRef = 73E10D3F19D1B6960092F1AB /* Distribution.swift */; };
		73E10D4119D1B6960092F1AB /* Distribution.swift in Sources */ = {isa = PBXBuildFile; fileRef = 73E10D3F19D1B6960092F1AB /* Distribution.swift */; };
		73EC641219D30F2A00FBA053 /* Sequencing.swift in Sources */ = {isa = PBXBuildFile; fileRef = 73EC641119D30F2A00FBA053 /* Sequencing.swift */; };
		73EC641319D30F2A00FBA053 /* Sequencing.swift in Sources */ = {isa = PBXBuildFile; fileRef = 73EC641119D30F2A00FBA053 /* Sequencing.swift */; };
		73F6E30919BA8DA8003BAD2C /* FlowControl.swift in Sources */ = {isa = PBXBuildFile; fileRef = 734DE24E19B7D3BC00080597 /* FlowControl.swift */; };
		73F6E30A19BA8DA8003BAD2C /* Clamping.swift in Sources */ = {isa = PBXBuildFile; fileRef = 734DE24F19B7D3BC00080597 /* Clamping.swift */; };
		73F6E30B19BA8DA8003BAD2C /* Random.swift in Sources */ = {isa = PBXBuildFile; fileRef = 734DE25019B7D3BC00080597 /* Random.swift */; };
		73F6E30C19BA8DAB003BAD2C /* Array+ThrustExtensions.swift in Sources */ = {isa = PBXBuildFile; fileRef = 734DE25419B7D3C500080597 /* Array+ThrustExtensions.swift */; };
		73F6E30D19BA8DAB003BAD2C /* Dictionary+ThrustExtensions.swift in Sources */ = {isa = PBXBuildFile; fileRef = 734DE25519B7D3C500080597 /* Dictionary+ThrustExtensions.swift */; };
		73F6E30E19BA8DAE003BAD2C /* Double+ThrustExtensions.swift in Sources */ = {isa = PBXBuildFile; fileRef = 734DE25819B7D3CE00080597 /* Double+ThrustExtensions.swift */; };
		73F6E30F19BA8DAE003BAD2C /* Int+ThrustExtensions.swift in Sources */ = {isa = PBXBuildFile; fileRef = 734DE25919B7D3CE00080597 /* Int+ThrustExtensions.swift */; };
		73F6E31019BA8DAE003BAD2C /* NSData+ThrustExtensions.swift in Sources */ = {isa = PBXBuildFile; fileRef = 734DE25C19B7D3DC00080597 /* NSData+ThrustExtensions.swift */; };
		73F6E31119BA8DAE003BAD2C /* NSDate+ThrustExtensions.swift in Sources */ = {isa = PBXBuildFile; fileRef = 734DE25D19B7D3DC00080597 /* NSDate+ThrustExtensions.swift */; };
		73F6E31219BA8DAE003BAD2C /* NSURL+ThrustExtensions.swift in Sources */ = {isa = PBXBuildFile; fileRef = 734DE25E19B7D3DC00080597 /* NSURL+ThrustExtensions.swift */; };
		73F6E31319BA8DAE003BAD2C /* String+ThrustExtensions.swift in Sources */ = {isa = PBXBuildFile; fileRef = 734DE25F19B7D3DC00080597 /* String+ThrustExtensions.swift */; };
		73F6E31419BA8DB0003BAD2C /* CGPoint+AxisExtensions.swift in Sources */ = {isa = PBXBuildFile; fileRef = 734DE26419B7D3E400080597 /* CGPoint+AxisExtensions.swift */; };
		73F6E31519BA8DB0003BAD2C /* CGRect+AxisExtensions.swift in Sources */ = {isa = PBXBuildFile; fileRef = 734DE26519B7D3E400080597 /* CGRect+AxisExtensions.swift */; };
		73F6E31619BA8DB0003BAD2C /* CGRect+ThrustExtensions.swift in Sources */ = {isa = PBXBuildFile; fileRef = 734DE26619B7D3E400080597 /* CGRect+ThrustExtensions.swift */; };
		73F6E31719BA8DB3003BAD2C /* IdentifiableObject.swift in Sources */ = {isa = PBXBuildFile; fileRef = 734DE26A19B7D3EA00080597 /* IdentifiableObject.swift */; };
		73F6E31819BA8DB3003BAD2C /* HTTP.swift in Sources */ = {isa = PBXBuildFile; fileRef = 734DE26C19B7D3F500080597 /* HTTP.swift */; };
		73F6E31919BA8DB3003BAD2C /* JSON.swift in Sources */ = {isa = PBXBuildFile; fileRef = 734DE26D19B7D3F500080597 /* JSON.swift */; };
		73F6E31A19BA8DB3003BAD2C /* Queue.swift in Sources */ = {isa = PBXBuildFile; fileRef = 734DE26E19B7D3F500080597 /* Queue.swift */; };
		73F6E31B19BA8DB3003BAD2C /* Regex.swift in Sources */ = {isa = PBXBuildFile; fileRef = 734DE26F19B7D3F500080597 /* Regex.swift */; };
		73F88B7B19C637DA00D01778 /* UIView+AnimationExtensions.swift in Sources */ = {isa = PBXBuildFile; fileRef = 73F88B7A19C637DA00D01778 /* UIView+AnimationExtensions.swift */; };
		73F88B7C19C637DA00D01778 /* UIView+AnimationExtensions.swift in Sources */ = {isa = PBXBuildFile; fileRef = 73F88B7A19C637DA00D01778 /* UIView+AnimationExtensions.swift */; };
/* End PBXBuildFile section */

/* Begin PBXContainerItemProxy section */
		73C6A3F7197EA608005318D9 /* PBXContainerItemProxy */ = {
			isa = PBXContainerItemProxy;
			containerPortal = 73C6A3E1197EA608005318D9 /* Project object */;
			proxyType = 1;
			remoteGlobalIDString = 73C6A3E8197EA608005318D9;
			remoteInfo = Thrust;
		};
/* End PBXContainerItemProxy section */

/* Begin PBXFileReference section */
		73178D9719C5277500D7E61E /* Range+ThrustExtensions.swift */ = {isa = PBXFileReference; fileEncoding = 4; lastKnownFileType = sourcecode.swift; name = "Range+ThrustExtensions.swift"; path = "Source/Range+ThrustExtensions.swift"; sourceTree = "<group>"; };
		73178D9D19C52F7300D7E61E /* Version.swift */ = {isa = PBXFileReference; fileEncoding = 4; lastKnownFileType = sourcecode.swift; name = Version.swift; path = Source/Version.swift; sourceTree = "<group>"; };
		734DE24E19B7D3BC00080597 /* FlowControl.swift */ = {isa = PBXFileReference; fileEncoding = 4; lastKnownFileType = sourcecode.swift; name = FlowControl.swift; path = Source/FlowControl.swift; sourceTree = "<group>"; };
		734DE24F19B7D3BC00080597 /* Clamping.swift */ = {isa = PBXFileReference; fileEncoding = 4; lastKnownFileType = sourcecode.swift; name = Clamping.swift; path = Source/Clamping.swift; sourceTree = "<group>"; };
		734DE25019B7D3BC00080597 /* Random.swift */ = {isa = PBXFileReference; fileEncoding = 4; lastKnownFileType = sourcecode.swift; name = Random.swift; path = Source/Random.swift; sourceTree = "<group>"; };
		734DE25419B7D3C500080597 /* Array+ThrustExtensions.swift */ = {isa = PBXFileReference; fileEncoding = 4; lastKnownFileType = sourcecode.swift; name = "Array+ThrustExtensions.swift"; path = "Source/Array+ThrustExtensions.swift"; sourceTree = "<group>"; };
		734DE25519B7D3C500080597 /* Dictionary+ThrustExtensions.swift */ = {isa = PBXFileReference; fileEncoding = 4; lastKnownFileType = sourcecode.swift; name = "Dictionary+ThrustExtensions.swift"; path = "Source/Dictionary+ThrustExtensions.swift"; sourceTree = "<group>"; };
		734DE25819B7D3CE00080597 /* Double+ThrustExtensions.swift */ = {isa = PBXFileReference; fileEncoding = 4; lastKnownFileType = sourcecode.swift; name = "Double+ThrustExtensions.swift"; path = "Source/Double+ThrustExtensions.swift"; sourceTree = "<group>"; };
		734DE25919B7D3CE00080597 /* Int+ThrustExtensions.swift */ = {isa = PBXFileReference; fileEncoding = 4; lastKnownFileType = sourcecode.swift; name = "Int+ThrustExtensions.swift"; path = "Source/Int+ThrustExtensions.swift"; sourceTree = "<group>"; };
		734DE25C19B7D3DC00080597 /* NSData+ThrustExtensions.swift */ = {isa = PBXFileReference; fileEncoding = 4; lastKnownFileType = sourcecode.swift; name = "NSData+ThrustExtensions.swift"; path = "Source/NSData+ThrustExtensions.swift"; sourceTree = "<group>"; };
		734DE25D19B7D3DC00080597 /* NSDate+ThrustExtensions.swift */ = {isa = PBXFileReference; fileEncoding = 4; lastKnownFileType = sourcecode.swift; name = "NSDate+ThrustExtensions.swift"; path = "Source/NSDate+ThrustExtensions.swift"; sourceTree = "<group>"; };
		734DE25E19B7D3DC00080597 /* NSURL+ThrustExtensions.swift */ = {isa = PBXFileReference; fileEncoding = 4; lastKnownFileType = sourcecode.swift; name = "NSURL+ThrustExtensions.swift"; path = "Source/NSURL+ThrustExtensions.swift"; sourceTree = "<group>"; };
		734DE25F19B7D3DC00080597 /* String+ThrustExtensions.swift */ = {isa = PBXFileReference; fileEncoding = 4; lastKnownFileType = sourcecode.swift; name = "String+ThrustExtensions.swift"; path = "Source/String+ThrustExtensions.swift"; sourceTree = "<group>"; };
		734DE26419B7D3E400080597 /* CGPoint+AxisExtensions.swift */ = {isa = PBXFileReference; fileEncoding = 4; lastKnownFileType = sourcecode.swift; name = "CGPoint+AxisExtensions.swift"; path = "Source/CGPoint+AxisExtensions.swift"; sourceTree = "<group>"; };
		734DE26519B7D3E400080597 /* CGRect+AxisExtensions.swift */ = {isa = PBXFileReference; fileEncoding = 4; lastKnownFileType = sourcecode.swift; name = "CGRect+AxisExtensions.swift"; path = "Source/CGRect+AxisExtensions.swift"; sourceTree = "<group>"; };
		734DE26619B7D3E400080597 /* CGRect+ThrustExtensions.swift */ = {isa = PBXFileReference; fileEncoding = 4; lastKnownFileType = sourcecode.swift; name = "CGRect+ThrustExtensions.swift"; path = "Source/CGRect+ThrustExtensions.swift"; sourceTree = "<group>"; };
		734DE26A19B7D3EA00080597 /* IdentifiableObject.swift */ = {isa = PBXFileReference; fileEncoding = 4; lastKnownFileType = sourcecode.swift; name = IdentifiableObject.swift; path = Source/IdentifiableObject.swift; sourceTree = "<group>"; };
		734DE26C19B7D3F500080597 /* HTTP.swift */ = {isa = PBXFileReference; fileEncoding = 4; lastKnownFileType = sourcecode.swift; name = HTTP.swift; path = Source/HTTP.swift; sourceTree = "<group>"; };
		734DE26D19B7D3F500080597 /* JSON.swift */ = {isa = PBXFileReference; fileEncoding = 4; lastKnownFileType = sourcecode.swift; name = JSON.swift; path = Source/JSON.swift; sourceTree = "<group>"; };
		734DE26E19B7D3F500080597 /* Queue.swift */ = {isa = PBXFileReference; fileEncoding = 4; lastKnownFileType = sourcecode.swift; name = Queue.swift; path = Source/Queue.swift; sourceTree = "<group>"; };
		734DE26F19B7D3F500080597 /* Regex.swift */ = {isa = PBXFileReference; fileEncoding = 4; lastKnownFileType = sourcecode.swift; name = Regex.swift; path = Source/Regex.swift; sourceTree = "<group>"; };
		735DC2F719D4DF7E00FEA051 /* thrust_logo.png */ = {isa = PBXFileReference; lastKnownFileType = image.png; path = thrust_logo.png; sourceTree = "<group>"; };
		73817C7C19BE014900EF3CD5 /* JSONArray.swift */ = {isa = PBXFileReference; fileEncoding = 4; lastKnownFileType = sourcecode.swift; name = JSONArray.swift; path = Source/JSONArray.swift; sourceTree = "<group>"; };
		73856B6819BE35B50059E8A9 /* JSONDictionary.swift */ = {isa = PBXFileReference; fileEncoding = 4; lastKnownFileType = sourcecode.swift; name = JSONDictionary.swift; path = Source/JSONDictionary.swift; sourceTree = "<group>"; };
		739852D319C878B9004DF46B /* UIBezierPath+ThrustExtensions.swift */ = {isa = PBXFileReference; fileEncoding = 4; lastKnownFileType = sourcecode.swift; name = "UIBezierPath+ThrustExtensions.swift"; path = "Source/UIBezierPath+ThrustExtensions.swift"; sourceTree = "<group>"; };
		73C417EC19CF345900DB542A /* ViewController.swift */ = {isa = PBXFileReference; fileEncoding = 4; lastKnownFileType = sourcecode.swift; path = ViewController.swift; sourceTree = "<group>"; };
		73C6A3E9197EA608005318D9 /* Thrust.app */ = {isa = PBXFileReference; explicitFileType = wrapper.application; includeInIndex = 0; path = Thrust.app; sourceTree = BUILT_PRODUCTS_DIR; };
		73C6A3ED197EA608005318D9 /* Info.plist */ = {isa = PBXFileReference; lastKnownFileType = text.plist.xml; path = Info.plist; sourceTree = "<group>"; };
		73C6A3EE197EA608005318D9 /* AppDelegate.swift */ = {isa = PBXFileReference; lastKnownFileType = sourcecode.swift; path = AppDelegate.swift; sourceTree = "<group>"; };
		73C6A3F0197EA608005318D9 /* Images.xcassets */ = {isa = PBXFileReference; lastKnownFileType = folder.assetcatalog; path = Images.xcassets; sourceTree = "<group>"; };
		73C6A3F6197EA608005318D9 /* ThrustTests.xctest */ = {isa = PBXFileReference; explicitFileType = wrapper.cfbundle; includeInIndex = 0; path = ThrustTests.xctest; sourceTree = BUILT_PRODUCTS_DIR; };
		73C6A3FB197EA608005318D9 /* Info.plist */ = {isa = PBXFileReference; lastKnownFileType = text.plist.xml; path = Info.plist; sourceTree = "<group>"; };
		73C6A3FC197EA608005318D9 /* ThrustTests.swift */ = {isa = PBXFileReference; lastKnownFileType = sourcecode.swift; path = ThrustTests.swift; sourceTree = "<group>"; };
		73C6A406197EA60E005318D9 /* README.md */ = {isa = PBXFileReference; fileEncoding = 4; lastKnownFileType = net.daringfireball.markdown; path = README.md; sourceTree = "<group>"; };
		73D08AEE19CD284200B7614A /* UIView+InterfaceBuilderExtensions.swift */ = {isa = PBXFileReference; fileEncoding = 4; lastKnownFileType = sourcecode.swift; name = "UIView+InterfaceBuilderExtensions.swift"; path = "Source/UIView+InterfaceBuilderExtensions.swift"; sourceTree = "<group>"; };
		73D08AF419CD28E000B7614A /* Storyboard.storyboard */ = {isa = PBXFileReference; fileEncoding = 4; lastKnownFileType = file.storyboard; path = Storyboard.storyboard; sourceTree = "<group>"; };
		73E10D3F19D1B6960092F1AB /* Distribution.swift */ = {isa = PBXFileReference; fileEncoding = 4; lastKnownFileType = sourcecode.swift; name = Distribution.swift; path = Source/Distribution.swift; sourceTree = "<group>"; };
		73EC641119D30F2A00FBA053 /* Sequencing.swift */ = {isa = PBXFileReference; fileEncoding = 4; lastKnownFileType = sourcecode.swift; name = Sequencing.swift; path = Source/Sequencing.swift; sourceTree = "<group>"; };
		73F88B7A19C637DA00D01778 /* UIView+AnimationExtensions.swift */ = {isa = PBXFileReference; fileEncoding = 4; lastKnownFileType = sourcecode.swift; name = "UIView+AnimationExtensions.swift"; path = "Source/UIView+AnimationExtensions.swift"; sourceTree = "<group>"; };
/* End PBXFileReference section */

/* Begin PBXFrameworksBuildPhase section */
		73C6A3E6197EA608005318D9 /* Frameworks */ = {
			isa = PBXFrameworksBuildPhase;
			buildActionMask = 2147483647;
			files = (
			);
			runOnlyForDeploymentPostprocessing = 0;
		};
		73C6A3F3197EA608005318D9 /* Frameworks */ = {
			isa = PBXFrameworksBuildPhase;
			buildActionMask = 2147483647;
			files = (
			);
			runOnlyForDeploymentPostprocessing = 0;
		};
/* End PBXFrameworksBuildPhase section */

/* Begin PBXGroup section */
		73151CB2197F68B00073E2FA /* Classes */ = {
			isa = PBXGroup;
			children = (
				734DE26A19B7D3EA00080597 /* IdentifiableObject.swift */,
				734DE26C19B7D3F500080597 /* HTTP.swift */,
				73817C7F19BE014C00EF3CD5 /* JSON */,
				734DE26E19B7D3F500080597 /* Queue.swift */,
				734DE26F19B7D3F500080597 /* Regex.swift */,
				73178D9D19C52F7300D7E61E /* Version.swift */,
				73E10D3F19D1B6960092F1AB /* Distribution.swift */,
			);
			name = Classes;
			sourceTree = "<group>";
		};
		731D08FA19AA373C00CC24F7 /* Containers */ = {
			isa = PBXGroup;
			children = (
				734DE25419B7D3C500080597 /* Array+ThrustExtensions.swift */,
				734DE25519B7D3C500080597 /* Dictionary+ThrustExtensions.swift */,
				73178D9719C5277500D7E61E /* Range+ThrustExtensions.swift */,
			);
			name = Containers;
			sourceTree = "<group>";
		};
		731D08FB19AA374F00CC24F7 /* Numbers */ = {
			isa = PBXGroup;
			children = (
				734DE25819B7D3CE00080597 /* Double+ThrustExtensions.swift */,
				734DE25919B7D3CE00080597 /* Int+ThrustExtensions.swift */,
			);
			name = Numbers;
			sourceTree = "<group>";
		};
		731D08FE19AA377500CC24F7 /* Geometry */ = {
			isa = PBXGroup;
			children = (
				734DE26419B7D3E400080597 /* CGPoint+AxisExtensions.swift */,
				734DE26519B7D3E400080597 /* CGRect+AxisExtensions.swift */,
				734DE26619B7D3E400080597 /* CGRect+ThrustExtensions.swift */,
				739852D319C878B9004DF46B /* UIBezierPath+ThrustExtensions.swift */,
			);
			name = Geometry;
			sourceTree = "<group>";
		};
		73817C7F19BE014C00EF3CD5 /* JSON */ = {
			isa = PBXGroup;
			children = (
				734DE26D19B7D3F500080597 /* JSON.swift */,
				73817C7C19BE014900EF3CD5 /* JSONArray.swift */,
				73856B6819BE35B50059E8A9 /* JSONDictionary.swift */,
			);
			name = JSON;
			sourceTree = "<group>";
		};
		73A8A615197F4DB3000F8FED /* Extensions */ = {
			isa = PBXGroup;
			children = (
				731D08FA19AA373C00CC24F7 /* Containers */,
				731D08FB19AA374F00CC24F7 /* Numbers */,
				734DE25C19B7D3DC00080597 /* NSData+ThrustExtensions.swift */,
				734DE25D19B7D3DC00080597 /* NSDate+ThrustExtensions.swift */,
				734DE25E19B7D3DC00080597 /* NSURL+ThrustExtensions.swift */,
				734DE25F19B7D3DC00080597 /* String+ThrustExtensions.swift */,
				731D08FE19AA377500CC24F7 /* Geometry */,
				73F88B7D19C637DD00D01778 /* Views */,
			);
			name = Extensions;
			sourceTree = "<group>";
		};
		73A8A616197F4DC6000F8FED /* Source */ = {
			isa = PBXGroup;
			children = (
				73A8A615197F4DB3000F8FED /* Extensions */,
				73151CB2197F68B00073E2FA /* Classes */,
				734DE24E19B7D3BC00080597 /* FlowControl.swift */,
				734DE24F19B7D3BC00080597 /* Clamping.swift */,
				734DE25019B7D3BC00080597 /* Random.swift */,
				73EC641119D30F2A00FBA053 /* Sequencing.swift */,
			);
			name = Source;
			sourceTree = "<group>";
		};
		73C6A3E0197EA608005318D9 = {
			isa = PBXGroup;
			children = (
				735DC2F719D4DF7E00FEA051 /* thrust_logo.png */,
				73C6A406197EA60E005318D9 /* README.md */,
				73C6A3EB197EA608005318D9 /* Thrust */,
				73C6A3F9197EA608005318D9 /* ThrustTests */,
				73C6A3EA197EA608005318D9 /* Products */,
			);
			sourceTree = "<group>";
		};
		73C6A3EA197EA608005318D9 /* Products */ = {
			isa = PBXGroup;
			children = (
				73C6A3E9197EA608005318D9 /* Thrust.app */,
				73C6A3F6197EA608005318D9 /* ThrustTests.xctest */,
			);
			name = Products;
			sourceTree = "<group>";
		};
		73C6A3EB197EA608005318D9 /* Thrust */ = {
			isa = PBXGroup;
			children = (
				73A8A616197F4DC6000F8FED /* Source */,
				73C6A3EE197EA608005318D9 /* AppDelegate.swift */,
				73C417EC19CF345900DB542A /* ViewController.swift */,
				73D08AF419CD28E000B7614A /* Storyboard.storyboard */,
				73C6A3F0197EA608005318D9 /* Images.xcassets */,
				73C6A3EC197EA608005318D9 /* Supporting Files */,
			);
			path = Thrust;
			sourceTree = "<group>";
		};
		73C6A3EC197EA608005318D9 /* Supporting Files */ = {
			isa = PBXGroup;
			children = (
				73C6A3ED197EA608005318D9 /* Info.plist */,
			);
			name = "Supporting Files";
			sourceTree = "<group>";
		};
		73C6A3F9197EA608005318D9 /* ThrustTests */ = {
			isa = PBXGroup;
			children = (
				73C6A3FC197EA608005318D9 /* ThrustTests.swift */,
				73C6A3FA197EA608005318D9 /* Supporting Files */,
			);
			path = ThrustTests;
			sourceTree = "<group>";
		};
		73C6A3FA197EA608005318D9 /* Supporting Files */ = {
			isa = PBXGroup;
			children = (
				73C6A3FB197EA608005318D9 /* Info.plist */,
			);
			name = "Supporting Files";
			sourceTree = "<group>";
		};
		73F88B7D19C637DD00D01778 /* Views */ = {
			isa = PBXGroup;
			children = (
				73F88B7A19C637DA00D01778 /* UIView+AnimationExtensions.swift */,
				73D08AEE19CD284200B7614A /* UIView+InterfaceBuilderExtensions.swift */,
			);
			name = Views;
			sourceTree = "<group>";
		};
/* End PBXGroup section */

/* Begin PBXNativeTarget section */
		73C6A3E8197EA608005318D9 /* Thrust */ = {
			isa = PBXNativeTarget;
			buildConfigurationList = 73C6A400197EA608005318D9 /* Build configuration list for PBXNativeTarget "Thrust" */;
			buildPhases = (
				73C6A3E5197EA608005318D9 /* Sources */,
				73C6A3E6197EA608005318D9 /* Frameworks */,
				73C6A3E7197EA608005318D9 /* Resources */,
			);
			buildRules = (
			);
			dependencies = (
			);
			name = Thrust;
			productName = Thrust;
			productReference = 73C6A3E9197EA608005318D9 /* Thrust.app */;
			productType = "com.apple.product-type.application";
		};
		73C6A3F5197EA608005318D9 /* ThrustTests */ = {
			isa = PBXNativeTarget;
			buildConfigurationList = 73C6A403197EA608005318D9 /* Build configuration list for PBXNativeTarget "ThrustTests" */;
			buildPhases = (
				73C6A3F2197EA608005318D9 /* Sources */,
				73C6A3F3197EA608005318D9 /* Frameworks */,
				73C6A3F4197EA608005318D9 /* Resources */,
			);
			buildRules = (
			);
			dependencies = (
				73C6A3F8197EA608005318D9 /* PBXTargetDependency */,
			);
			name = ThrustTests;
			productName = ThrustTests;
			productReference = 73C6A3F6197EA608005318D9 /* ThrustTests.xctest */;
			productType = "com.apple.product-type.bundle.unit-test";
		};
/* End PBXNativeTarget section */

/* Begin PBXProject section */
		73C6A3E1197EA608005318D9 /* Project object */ = {
			isa = PBXProject;
			attributes = {
				LastUpgradeCheck = 0600;
				ORGANIZATIONNAME = pcperini;
				TargetAttributes = {
					73C6A3E8197EA608005318D9 = {
						CreatedOnToolsVersion = 6.0;
					};
					73C6A3F5197EA608005318D9 = {
						CreatedOnToolsVersion = 6.0;
						TestTargetID = 73C6A3E8197EA608005318D9;
					};
				};
			};
			buildConfigurationList = 73C6A3E4197EA608005318D9 /* Build configuration list for PBXProject "Thrust" */;
			compatibilityVersion = "Xcode 3.2";
			developmentRegion = English;
			hasScannedForEncodings = 0;
			knownRegions = (
				en,
			);
			mainGroup = 73C6A3E0197EA608005318D9;
			productRefGroup = 73C6A3EA197EA608005318D9 /* Products */;
			projectDirPath = "";
			projectRoot = "";
			targets = (
				73C6A3E8197EA608005318D9 /* Thrust */,
				73C6A3F5197EA608005318D9 /* ThrustTests */,
			);
		};
/* End PBXProject section */

/* Begin PBXResourcesBuildPhase section */
		73C6A3E7197EA608005318D9 /* Resources */ = {
			isa = PBXResourcesBuildPhase;
			buildActionMask = 2147483647;
			files = (
				73C6A3F1197EA608005318D9 /* Images.xcassets in Resources */,
				73D08AF519CD28E000B7614A /* Storyboard.storyboard in Resources */,
			);
			runOnlyForDeploymentPostprocessing = 0;
		};
		73C6A3F4197EA608005318D9 /* Resources */ = {
			isa = PBXResourcesBuildPhase;
			buildActionMask = 2147483647;
			files = (
				73D08AF619CD28E000B7614A /* Storyboard.storyboard in Resources */,
			);
			runOnlyForDeploymentPostprocessing = 0;
		};
/* End PBXResourcesBuildPhase section */

/* Begin PBXSourcesBuildPhase section */
		73C6A3E5197EA608005318D9 /* Sources */ = {
			isa = PBXSourcesBuildPhase;
			buildActionMask = 2147483647;
			files = (
				734DE27119B7D3F500080597 /* JSON.swift in Sources */,
				734DE25B19B7D3CE00080597 /* Int+ThrustExtensions.swift in Sources */,
				734DE26719B7D3E400080597 /* CGPoint+AxisExtensions.swift in Sources */,
				734DE26B19B7D3EA00080597 /* IdentifiableObject.swift in Sources */,
				734DE25119B7D3BC00080597 /* FlowControl.swift in Sources */,
				734DE26119B7D3DC00080597 /* NSDate+ThrustExtensions.swift in Sources */,
				734DE26319B7D3DC00080597 /* String+ThrustExtensions.swift in Sources */,
				739852D419C878B9004DF46B /* UIBezierPath+ThrustExtensions.swift in Sources */,
				734DE27019B7D3F500080597 /* HTTP.swift in Sources */,
				734DE25719B7D3C500080597 /* Dictionary+ThrustExtensions.swift in Sources */,
				734DE25219B7D3BC00080597 /* Clamping.swift in Sources */,
				734DE25A19B7D3CE00080597 /* Double+ThrustExtensions.swift in Sources */,
				73E10D4019D1B6960092F1AB /* Distribution.swift in Sources */,
				73178D9819C5277500D7E61E /* Range+ThrustExtensions.swift in Sources */,
				73F88B7B19C637DA00D01778 /* UIView+AnimationExtensions.swift in Sources */,
				73856B6919BE35B50059E8A9 /* JSONDictionary.swift in Sources */,
				73D08AEF19CD284200B7614A /* UIView+InterfaceBuilderExtensions.swift in Sources */,
				73178D9E19C52F7300D7E61E /* Version.swift in Sources */,
				73EC641219D30F2A00FBA053 /* Sequencing.swift in Sources */,
				73C6A3EF197EA608005318D9 /* AppDelegate.swift in Sources */,
				73C417ED19CF345900DB542A /* ViewController.swift in Sources */,
				734DE26219B7D3DC00080597 /* NSURL+ThrustExtensions.swift in Sources */,
				73817C7D19BE014900EF3CD5 /* JSONArray.swift in Sources */,
				734DE27319B7D3F500080597 /* Regex.swift in Sources */,
				734DE25619B7D3C500080597 /* Array+ThrustExtensions.swift in Sources */,
				734DE26819B7D3E400080597 /* CGRect+AxisExtensions.swift in Sources */,
				734DE25319B7D3BC00080597 /* Random.swift in Sources */,
				734DE26019B7D3DC00080597 /* NSData+ThrustExtensions.swift in Sources */,
				734DE26919B7D3E400080597 /* CGRect+ThrustExtensions.swift in Sources */,
				734DE27219B7D3F500080597 /* Queue.swift in Sources */,
			);
			runOnlyForDeploymentPostprocessing = 0;
		};
		73C6A3F2197EA608005318D9 /* Sources */ = {
			isa = PBXSourcesBuildPhase;
			buildActionMask = 2147483647;
			files = (
				73F6E31319BA8DAE003BAD2C /* String+ThrustExtensions.swift in Sources */,
				73F6E31B19BA8DB3003BAD2C /* Regex.swift in Sources */,
				73F6E30E19BA8DAE003BAD2C /* Double+ThrustExtensions.swift in Sources */,
				73F6E31519BA8DB0003BAD2C /* CGRect+AxisExtensions.swift in Sources */,
				73F6E31A19BA8DB3003BAD2C /* Queue.swift in Sources */,
				73F6E31919BA8DB3003BAD2C /* JSON.swift in Sources */,
				73F6E31019BA8DAE003BAD2C /* NSData+ThrustExtensions.swift in Sources */,
				739852D519C878B9004DF46B /* UIBezierPath+ThrustExtensions.swift in Sources */,
				73F6E30B19BA8DA8003BAD2C /* Random.swift in Sources */,
				73C6A3FD197EA608005318D9 /* ThrustTests.swift in Sources */,
				73178D9C19C52B1500D7E61E /* Range+ThrustExtensions.swift in Sources */,
				73F6E30C19BA8DAB003BAD2C /* Array+ThrustExtensions.swift in Sources */,
				73F6E30D19BA8DAB003BAD2C /* Dictionary+ThrustExtensions.swift in Sources */,
				73E10D4119D1B6960092F1AB /* Distribution.swift in Sources */,
				73EC641319D30F2A00FBA053 /* Sequencing.swift in Sources */,
				73F88B7C19C637DA00D01778 /* UIView+AnimationExtensions.swift in Sources */,
				73856B6A19BE3A9A0059E8A9 /* JSONDictionary.swift in Sources */,
				73D08AF019CD284200B7614A /* UIView+InterfaceBuilderExtensions.swift in Sources */,
				73178D9F19C52F7300D7E61E /* Version.swift in Sources */,
				73F6E31619BA8DB0003BAD2C /* CGRect+ThrustExtensions.swift in Sources */,
				73F6E31419BA8DB0003BAD2C /* CGPoint+AxisExtensions.swift in Sources */,
				73817C7E19BE014900EF3CD5 /* JSONArray.swift in Sources */,
				73F6E31819BA8DB3003BAD2C /* HTTP.swift in Sources */,
				73F6E31719BA8DB3003BAD2C /* IdentifiableObject.swift in Sources */,
				73F6E31219BA8DAE003BAD2C /* NSURL+ThrustExtensions.swift in Sources */,
				73F6E31119BA8DAE003BAD2C /* NSDate+ThrustExtensions.swift in Sources */,
				73F6E30F19BA8DAE003BAD2C /* Int+ThrustExtensions.swift in Sources */,
				73F6E30A19BA8DA8003BAD2C /* Clamping.swift in Sources */,
				73F6E30919BA8DA8003BAD2C /* FlowControl.swift in Sources */,
			);
			runOnlyForDeploymentPostprocessing = 0;
		};
/* End PBXSourcesBuildPhase section */

/* Begin PBXTargetDependency section */
		73C6A3F8197EA608005318D9 /* PBXTargetDependency */ = {
			isa = PBXTargetDependency;
			target = 73C6A3E8197EA608005318D9 /* Thrust */;
			targetProxy = 73C6A3F7197EA608005318D9 /* PBXContainerItemProxy */;
		};
/* End PBXTargetDependency section */

/* Begin XCBuildConfiguration section */
		73C6A3FE197EA608005318D9 /* Debug */ = {
			isa = XCBuildConfiguration;
			buildSettings = {
				ALWAYS_SEARCH_USER_PATHS = NO;
				CLANG_CXX_LANGUAGE_STANDARD = "gnu++0x";
				CLANG_CXX_LIBRARY = "libc++";
				CLANG_ENABLE_MODULES = YES;
				CLANG_ENABLE_OBJC_ARC = YES;
				CLANG_WARN_BOOL_CONVERSION = YES;
				CLANG_WARN_CONSTANT_CONVERSION = YES;
				CLANG_WARN_DIRECT_OBJC_ISA_USAGE = YES_ERROR;
				CLANG_WARN_EMPTY_BODY = YES;
				CLANG_WARN_ENUM_CONVERSION = YES;
				CLANG_WARN_INT_CONVERSION = YES;
				CLANG_WARN_OBJC_ROOT_CLASS = YES_ERROR;
				CLANG_WARN_UNREACHABLE_CODE = YES;
				CLANG_WARN__DUPLICATE_METHOD_MATCH = YES;
				"CODE_SIGN_IDENTITY[sdk=iphoneos*]" = "iPhone Developer";
				COPY_PHASE_STRIP = NO;
				ENABLE_STRICT_OBJC_MSGSEND = YES;
				GCC_C_LANGUAGE_STANDARD = gnu99;
				GCC_DYNAMIC_NO_PIC = NO;
				GCC_OPTIMIZATION_LEVEL = 0;
				GCC_PREPROCESSOR_DEFINITIONS = (
					"DEBUG=1",
					"$(inherited)",
				);
				GCC_SYMBOLS_PRIVATE_EXTERN = NO;
				GCC_WARN_64_TO_32_BIT_CONVERSION = YES;
				GCC_WARN_ABOUT_RETURN_TYPE = YES_ERROR;
				GCC_WARN_UNDECLARED_SELECTOR = YES;
				GCC_WARN_UNINITIALIZED_AUTOS = YES_AGGRESSIVE;
				GCC_WARN_UNUSED_FUNCTION = YES;
				GCC_WARN_UNUSED_VARIABLE = YES;
				IPHONEOS_DEPLOYMENT_TARGET = 8.0;
				METAL_ENABLE_DEBUG_INFO = YES;
				ONLY_ACTIVE_ARCH = YES;
				SDKROOT = iphoneos;
				SWIFT_OPTIMIZATION_LEVEL = "-Onone";
			};
			name = Debug;
		};
		73C6A3FF197EA608005318D9 /* Release */ = {
			isa = XCBuildConfiguration;
			buildSettings = {
				ALWAYS_SEARCH_USER_PATHS = NO;
				CLANG_CXX_LANGUAGE_STANDARD = "gnu++0x";
				CLANG_CXX_LIBRARY = "libc++";
				CLANG_ENABLE_MODULES = YES;
				CLANG_ENABLE_OBJC_ARC = YES;
				CLANG_WARN_BOOL_CONVERSION = YES;
				CLANG_WARN_CONSTANT_CONVERSION = YES;
				CLANG_WARN_DIRECT_OBJC_ISA_USAGE = YES_ERROR;
				CLANG_WARN_EMPTY_BODY = YES;
				CLANG_WARN_ENUM_CONVERSION = YES;
				CLANG_WARN_INT_CONVERSION = YES;
				CLANG_WARN_OBJC_ROOT_CLASS = YES_ERROR;
				CLANG_WARN_UNREACHABLE_CODE = YES;
				CLANG_WARN__DUPLICATE_METHOD_MATCH = YES;
				"CODE_SIGN_IDENTITY[sdk=iphoneos*]" = "iPhone Developer";
				COPY_PHASE_STRIP = YES;
				ENABLE_NS_ASSERTIONS = NO;
				ENABLE_STRICT_OBJC_MSGSEND = YES;
				GCC_C_LANGUAGE_STANDARD = gnu99;
				GCC_WARN_64_TO_32_BIT_CONVERSION = YES;
				GCC_WARN_ABOUT_RETURN_TYPE = YES_ERROR;
				GCC_WARN_UNDECLARED_SELECTOR = YES;
				GCC_WARN_UNINITIALIZED_AUTOS = YES_AGGRESSIVE;
				GCC_WARN_UNUSED_FUNCTION = YES;
				GCC_WARN_UNUSED_VARIABLE = YES;
				IPHONEOS_DEPLOYMENT_TARGET = 8.0;
				METAL_ENABLE_DEBUG_INFO = NO;
				SDKROOT = iphoneos;
				VALIDATE_PRODUCT = YES;
			};
			name = Release;
		};
		73C6A401197EA608005318D9 /* Debug */ = {
			isa = XCBuildConfiguration;
			buildSettings = {
				ASSETCATALOG_COMPILER_APPICON_NAME = AppIcon;
				ASSETCATALOG_COMPILER_LAUNCHIMAGE_NAME = LaunchImage;
				INFOPLIST_FILE = Thrust/Info.plist;
				LD_RUNPATH_SEARCH_PATHS = "$(inherited) @executable_path/Frameworks";
				LIBRARY_SEARCH_PATHS = (
					"$(inherited)",
					"$(SDKROOT)/usr/lib/system",
				);
				PRODUCT_NAME = "$(TARGET_NAME)";
				SWIFT_INCLUDE_PATHS = "";
				VALID_ARCHS = "arm64 armv7 armv7s";
			};
			name = Debug;
		};
		73C6A402197EA608005318D9 /* Release */ = {
			isa = XCBuildConfiguration;
			buildSettings = {
				ASSETCATALOG_COMPILER_APPICON_NAME = AppIcon;
				ASSETCATALOG_COMPILER_LAUNCHIMAGE_NAME = LaunchImage;
				INFOPLIST_FILE = Thrust/Info.plist;
				LD_RUNPATH_SEARCH_PATHS = "$(inherited) @executable_path/Frameworks";
				LIBRARY_SEARCH_PATHS = (
					"$(inherited)",
					"$(SDKROOT)/usr/lib/system",
				);
				PRODUCT_NAME = "$(TARGET_NAME)";
				SWIFT_INCLUDE_PATHS = "";
				VALID_ARCHS = "arm64 armv7 armv7s";
			};
			name = Release;
		};
		73C6A404197EA608005318D9 /* Debug */ = {
			isa = XCBuildConfiguration;
			buildSettings = {
				BUNDLE_LOADER = "$(BUILT_PRODUCTS_DIR)/Thrust.app/Thrust";
				FRAMEWORK_SEARCH_PATHS = (
					"$(SDKROOT)/Developer/Library/Frameworks",
					"$(inherited)",
				);
				GCC_PREPROCESSOR_DEFINITIONS = (
					"DEBUG=1",
					"$(inherited)",
				);
				INFOPLIST_FILE = ThrustTests/Info.plist;
				LD_RUNPATH_SEARCH_PATHS = "$(inherited) @executable_path/Frameworks @loader_path/Frameworks";
				METAL_ENABLE_DEBUG_INFO = YES;
				PRODUCT_NAME = "$(TARGET_NAME)";
				TEST_HOST = "$(BUNDLE_LOADER)";
			};
			name = Debug;
		};
		73C6A405197EA608005318D9 /* Release */ = {
			isa = XCBuildConfiguration;
			buildSettings = {
				BUNDLE_LOADER = "$(BUILT_PRODUCTS_DIR)/Thrust.app/Thrust";
				FRAMEWORK_SEARCH_PATHS = (
					"$(SDKROOT)/Developer/Library/Frameworks",
					"$(inherited)",
				);
				INFOPLIST_FILE = ThrustTests/Info.plist;
				LD_RUNPATH_SEARCH_PATHS = "$(inherited) @executable_path/Frameworks @loader_path/Frameworks";
				METAL_ENABLE_DEBUG_INFO = NO;
				PRODUCT_NAME = "$(TARGET_NAME)";
				TEST_HOST = "$(BUNDLE_LOADER)";
			};
			name = Release;
		};
/* End XCBuildConfiguration section */

/* Begin XCConfigurationList section */
		73C6A3E4197EA608005318D9 /* Build configuration list for PBXProject "Thrust" */ = {
			isa = XCConfigurationList;
			buildConfigurations = (
				73C6A3FE197EA608005318D9 /* Debug */,
				73C6A3FF197EA608005318D9 /* Release */,
			);
			defaultConfigurationIsVisible = 0;
			defaultConfigurationName = Release;
		};
		73C6A400197EA608005318D9 /* Build configuration list for PBXNativeTarget "Thrust" */ = {
			isa = XCConfigurationList;
			buildConfigurations = (
				73C6A401197EA608005318D9 /* Debug */,
				73C6A402197EA608005318D9 /* Release */,
			);
			defaultConfigurationIsVisible = 0;
			defaultConfigurationName = Release;
		};
		73C6A403197EA608005318D9 /* Build configuration list for PBXNativeTarget "ThrustTests" */ = {
			isa = XCConfigurationList;
			buildConfigurations = (
				73C6A404197EA608005318D9 /* Debug */,
				73C6A405197EA608005318D9 /* Release */,
			);
			defaultConfigurationIsVisible = 0;
			defaultConfigurationName = Release;
		};
/* End XCConfigurationList section */
	};
	rootObject = 73C6A3E1197EA608005318D9 /* Project object */;
}
